{
  "nodes": {
    "home-manager": {
      "inputs": {
        "nixpkgs": "nixpkgs",
        "utils": "utils"
      },
      "locked": {
        "lastModified": 1666253070,
        "narHash": "sha256-MtaNgghmfp+ywh5mv9FcspFT4ACaYINSN+D98PCkrP0=",
        "owner": "nix-community",
        "repo": "home-manager",
        "rev": "c485669ca529e01c1505429fa9017c9a93f15559",
        "type": "github"
      },
      "original": {
        "owner": "nix-community",
        "repo": "home-manager",
        "type": "github"
      }
    },
    "nixos-hardware": {
      "locked": {
        "lastModified": 1665987993,
        "narHash": "sha256-MvlaIYTRiqefG4dzI5p6vVCfl+9V8A1cPniUjcn6Ngc=",
        "owner": "NixOS",
        "repo": "nixos-hardware",
        "rev": "0e6593630071440eb89cd97a52921497482b22c6",
        "type": "github"
      },
      "original": {
        "owner": "NixOS",
        "repo": "nixos-hardware",
        "type": "github"
      }
    },
    "nixpkgs": {
      "locked": {
        "lastModified": 1662996720,
        "narHash": "sha256-XvLQ3SuXnDMJMpM1sv1ifPjBuRytiDYhB12H/BNTjgY=",
        "owner": "nixos",
        "repo": "nixpkgs",
        "rev": "5f326e2a403e1cebaec378e72ceaf5725983376d",
        "type": "github"
      },
      "original": {
        "owner": "nixos",
        "ref": "nixos-unstable",
        "repo": "nixpkgs",
        "type": "github"
      }
    },
    "nixpkgs_2": {
      "locked": {
        "lastModified": 1666198336,
        "narHash": "sha256-VTrWD8Bb48h2pi57P1++LuvZIgum3gSLiRzZ/8q3rg0=",
        "owner": "NixOS",
        "repo": "nixpkgs",
        "rev": "db25c4da285c5989b39e4ce13dea651a88b7a9d4",
        "type": "github"
      },
      "original": {
        "owner": "NixOS",
        "ref": "nixos-unstable",
        "repo": "nixpkgs",
        "type": "github"
      }
    },
    "root": {
      "inputs": {
        "home-manager": "home-manager",
        "nixos-hardware": "nixos-hardware",
        "nixpkgs": "nixpkgs_2"
      }
    },
    "utils": {
      "locked": {
        "lastModified": 1659877975,
        "narHash": "sha256-zllb8aq3YO3h8B/U0/J1WBgAL8EX5yWf5pMj3G0NAmc=",
        "owner": "numtide",
        "repo": "flake-utils",
        "rev": "c0e246b9b83f637f4681389ecabcb2681b4f3af0",
        "type": "github"
      },
      "original": {
        "owner": "numtide",
        "repo": "flake-utils",
        "type": "github"
      }
    }
  },
  "root": "root",
  "version": 7
}
